
Microsoft Visual Studio Solution File, Format Version 12.00
# Visual Studio Version 16
VisualStudioVersion = 16.0.30611.23
MinimumVisualStudioVersion = 10.0.40219.1
Project("{8BC9CEB8-8B4A-11D0-8D11-00A0C91BC942}") = "maze", "maze\maze.vcxproj", "{44A75823-7A43-4F2E-BC14-AF22939FCCDE}"
EndProject
Global
	GlobalSection(SolutionConfigurationPlatforms) = preSolution
		Debug|x64 = Debug|x64
		Debug|x86 = Debug|x86
		Release|x64 = Release|x64
		Release|x86 = Release|x86
	EndGlobalSection
	GlobalSection(ProjectConfigurationPlatforms) = postSolution
		{44A75823-7A43-4F2E-BC14-AF22939FCCDE}.Debug|x64.ActiveCfg = Debug|x64
		{44A75823-7A43-4F2E-BC14-AF22939FCCDE}.Debug|x64.Build.0 = Debug|x64
		{44A75823-7A43-4F2E-BC14-AF22939FCCDE}.Debug|x86.ActiveCfg = Debug|Win32
		{44A75823-7A43-4F2E-BC14-AF22939FCCDE}.Debug|x86.Build.0 = Debug|Win32
		{44A75823-7A43-4F2E-BC14-AF22939FCCDE}.Release|x64.ActiveCfg = Release|x64
		{44A75823-7A43-4F2E-BC14-AF22939FCCDE}.Release|x64.Build.0 = Release|x64
		{44A75823-7A43-4F2E-BC14-AF22939FCCDE}.Release|x86.ActiveCfg = Release|Win32
		{44A75823-7A43-4F2E-BC14-AF22939FCCDE}.Release|x86.Build.0 = Release|Win32
	EndGlobalSection
	GlobalSection(SolutionProperties) = preSolution
		HideSolutionNode = FALSE
	EndGlobalSection
	GlobalSection(ExtensibilityGlobals) = postSolution
		SolutionGuid = {4FF41587-2E44-47D7-AF2C-83429B3F60CE}
	EndGlobalSection
EndGlobal
